// !$*UTF8*$!
{
	archiveVersion = 1;
	classes = {
	};
	objectVersion = 46;
	objects = {

/* Begin PBXBuildFile section */
		2104C6DD18597D4D008ED8BE /* 58.png in Resources */ = {isa = PBXBuildFile; fileRef = 2104C6DA18597D4D008ED8BE /* 58.png */; };
		2104C6DE18597D4D008ED8BE /* 80.png in Resources */ = {isa = PBXBuildFile; fileRef = 2104C6DB18597D4D008ED8BE /* 80.png */; };
		2104C6DF18597D4D008ED8BE /* 120.png in Resources */ = {isa = PBXBuildFile; fileRef = 2104C6DC18597D4D008ED8BE /* 120.png */; };
		21371F891850956700BB2A4F /* Foundation.framework in Frameworks */ = {isa = PBXBuildFile; fileRef = 21371F881850956700BB2A4F /* Foundation.framework */; };
		21371F8B1850956700BB2A4F /* CoreGraphics.framework in Frameworks */ = {isa = PBXBuildFile; fileRef = 21371F8A1850956700BB2A4F /* CoreGraphics.framework */; };
		21371F8D1850956700BB2A4F /* UIKit.framework in Frameworks */ = {isa = PBXBuildFile; fileRef = 21371F8C1850956700BB2A4F /* UIKit.framework */; };
		21371F931850956700BB2A4F /* InfoPlist.strings in Resources */ = {isa = PBXBuildFile; fileRef = 21371F911850956700BB2A4F /* InfoPlist.strings */; };
		21371F951850956700BB2A4F /* main.m in Sources */ = {isa = PBXBuildFile; fileRef = 21371F941850956700BB2A4F /* main.m */; };
		21371F991850956700BB2A4F /* AppDelegate.m in Sources */ = {isa = PBXBuildFile; fileRef = 21371F981850956700BB2A4F /* AppDelegate.m */; };
		21371F9C1850956700BB2A4F /* Main.storyboard in Resources */ = {isa = PBXBuildFile; fileRef = 21371F9A1850956700BB2A4F /* Main.storyboard */; };
		21371F9F1850956700BB2A4F /* PlayerViewController.m in Sources */ = {isa = PBXBuildFile; fileRef = 21371F9E1850956700BB2A4F /* PlayerViewController.m */; };
		21371FA11850956700BB2A4F /* Images.xcassets in Resources */ = {isa = PBXBuildFile; fileRef = 21371FA01850956700BB2A4F /* Images.xcassets */; };
		21371FA81850956700BB2A4F /* XCTest.framework in Frameworks */ = {isa = PBXBuildFile; fileRef = 21371FA71850956700BB2A4F /* XCTest.framework */; };
		21371FA91850956700BB2A4F /* Foundation.framework in Frameworks */ = {isa = PBXBuildFile; fileRef = 21371F881850956700BB2A4F /* Foundation.framework */; };
		21371FAA1850956700BB2A4F /* UIKit.framework in Frameworks */ = {isa = PBXBuildFile; fileRef = 21371F8C1850956700BB2A4F /* UIKit.framework */; };
		21371FB21850956700BB2A4F /* InfoPlist.strings in Resources */ = {isa = PBXBuildFile; fileRef = 21371FB01850956700BB2A4F /* InfoPlist.strings */; };
		21371FB41850956700BB2A4F /* MuseTests.m in Sources */ = {isa = PBXBuildFile; fileRef = 21371FB31850956700BB2A4F /* MuseTests.m */; };
		214D6D071860A7DA00BDCF0B /* love_v2.png in Resources */ = {isa = PBXBuildFile; fileRef = 214D6D061860A7DA00BDCF0B /* love_v2.png */; };
		215C3853185ABC09007D3452 /* ServerConnection.m in Sources */ = {isa = PBXBuildFile; fileRef = 215C3852185ABC09007D3452 /* ServerConnection.m */; };
		215C3863185DA908007D3452 /* XiamiObject.m in Sources */ = {isa = PBXBuildFile; fileRef = 215C3862185DA908007D3452 /* XiamiObject.m */; };
		215C3867185DA927007D3452 /* XiamiConnection.m in Sources */ = {isa = PBXBuildFile; fileRef = 215C3866185DA927007D3452 /* XiamiConnection.m */; };
		215C3869185DEFEF007D3452 /* LoadPic.png in Resources */ = {isa = PBXBuildFile; fileRef = 215C3868185DEFEF007D3452 /* LoadPic.png */; };
		215C386B185DFC0E007D3452 /* pause_icon_v2.png in Resources */ = {isa = PBXBuildFile; fileRef = 215C386A185DFC0E007D3452 /* pause_icon_v2.png */; };
		215C386D185DFE0D007D3452 /* pause_icon_v3.png in Resources */ = {isa = PBXBuildFile; fileRef = 215C386C185DFE0D007D3452 /* pause_icon_v3.png */; };
		21660584185F3A3500560812 /* Player.m in Sources */ = {isa = PBXBuildFile; fileRef = 21660583185F3A3500560812 /* Player.m */; };
		21ABB1F818576C9300BBCA8B /* AVFoundation.framework in Frameworks */ = {isa = PBXBuildFile; fileRef = 21ABB1F718576C9300BBCA8B /* AVFoundation.framework */; };
		21ABB1FA18576CB600BBCA8B /* MediaPlayer.framework in Frameworks */ = {isa = PBXBuildFile; fileRef = 21ABB1F918576CB600BBCA8B /* MediaPlayer.framework */; };
		21ABB1FC1857736100BBCA8B /* CoreVideo.framework in Frameworks */ = {isa = PBXBuildFile; fileRef = 21ABB1FB1857736100BBCA8B /* CoreVideo.framework */; };
		21ABB1FE18586AB000BBCA8B /* PictureBorder.png in Resources */ = {isa = PBXBuildFile; fileRef = 21ABB1FD18586AB000BBCA8B /* PictureBorder.png */; };
		21ABB20018586D3300BBCA8B /* PictureMask.png in Resources */ = {isa = PBXBuildFile; fileRef = 21ABB1FF18586D3300BBCA8B /* PictureMask.png */; };
		21ABB20218586DCA00BBCA8B /* Example.jpg in Resources */ = {isa = PBXBuildFile; fileRef = 21ABB20118586DCA00BBCA8B /* Example.jpg */; };
		21ABB207185873CD00BBCA8B /* hate_icon.png in Resources */ = {isa = PBXBuildFile; fileRef = 21ABB204185873CD00BBCA8B /* hate_icon.png */; };
		21ABB208185873CD00BBCA8B /* love_icon.png in Resources */ = {isa = PBXBuildFile; fileRef = 21ABB205185873CD00BBCA8B /* love_icon.png */; };
		21ABB209185873CD00BBCA8B /* settings_icon.png in Resources */ = {isa = PBXBuildFile; fileRef = 21ABB206185873CD00BBCA8B /* settings_icon.png */; };
		21ABB20B185875D500BBCA8B /* next_icon.png in Resources */ = {isa = PBXBuildFile; fileRef = 21ABB20A185875D500BBCA8B /* next_icon.png */; };
		21ABB20D18587E5C00BBCA8B /* last_icon.png in Resources */ = {isa = PBXBuildFile; fileRef = 21ABB20C18587E5C00BBCA8B /* last_icon.png */; };
		21ABB20F18587F1A00BBCA8B /* pause_icon.png in Resources */ = {isa = PBXBuildFile; fileRef = 21ABB20E18587F1A00BBCA8B /* pause_icon.png */; };
		21D8B0D9185718950013559A /* MenuButton.png in Resources */ = {isa = PBXBuildFile; fileRef = 21D8B0D8185718950013559A /* MenuButton.png */; };
		7A3E0005185B3EAA000F5B6C /* SignInViewController.m in Sources */ = {isa = PBXBuildFile; fileRef = 7A3E0004185B3EAA000F5B6C /* SignInViewController.m */; };
		7A3E000B185B5F49000F5B6C /* User.m in Sources */ = {isa = PBXBuildFile; fileRef = 7A3E000A185B5F49000F5B6C /* User.m */; };
		7A3E000D18613AF2000F5B6C /* AdSupport.framework in Frameworks */ = {isa = PBXBuildFile; fileRef = 7A3E000C18613AF2000F5B6C /* AdSupport.framework */; };
		7A3E000F18613B04000F5B6C /* AudioToolbox.framework in Frameworks */ = {isa = PBXBuildFile; fileRef = 7A3E000E18613B04000F5B6C /* AudioToolbox.framework */; };
		7A3E001118613B19000F5B6C /* QuartzCore.framework in Frameworks */ = {isa = PBXBuildFile; fileRef = 7A3E001018613B19000F5B6C /* QuartzCore.framework */; };
		7A3E001318613B23000F5B6C /* CoreMedia.framework in Frameworks */ = {isa = PBXBuildFile; fileRef = 7A3E001218613B23000F5B6C /* CoreMedia.framework */; };
		7A3E001518613B2C000F5B6C /* libxml2.dylib in Frameworks */ = {isa = PBXBuildFile; fileRef = 7A3E001418613B2C000F5B6C /* libxml2.dylib */; };
		7A3E001718613B37000F5B6C /* libstdc++.dylib in Frameworks */ = {isa = PBXBuildFile; fileRef = 7A3E001618613B37000F5B6C /* libstdc++.dylib */; };
		7A3E001918613B40000F5B6C /* libsqlite3.dylib in Frameworks */ = {isa = PBXBuildFile; fileRef = 7A3E001818613B40000F5B6C /* libsqlite3.dylib */; };
		7A3E001B18613B95000F5B6C /* GracenoteMusicID.framework in Frameworks */ = {isa = PBXBuildFile; fileRef = 7A3E001A18613B95000F5B6C /* GracenoteMusicID.framework */; };
		7A3E001F18613C58000F5B6C /* FPResponse.m in Sources */ = {isa = PBXBuildFile; fileRef = 7A3E001E18613C58000F5B6C /* FPResponse.m */; };
		7A3E002118613DFB000F5B6C /* border.png in Resources */ = {isa = PBXBuildFile; fileRef = 7A3E002018613DFB000F5B6C /* border.png */; };
		7A3E00231861444D000F5B6C /* circle.png in Resources */ = {isa = PBXBuildFile; fileRef = 7A3E00221861444D000F5B6C /* circle.png */; };
		7A3E002518615DE5000F5B6C /* playButton.png in Resources */ = {isa = PBXBuildFile; fileRef = 7A3E002418615DE5000F5B6C /* playButton.png */; };
		7A3E002818618A51000F5B6C /* Music.m in Sources */ = {isa = PBXBuildFile; fileRef = 7A3E002718618A51000F5B6C /* Music.m */; };
		7A3EFFFC185B0C57000F5B6C /* SWRevealViewController.m in Sources */ = {isa = PBXBuildFile; fileRef = 7A3EFFFB185B0C57000F5B6C /* SWRevealViewController.m */; };
		7A3EFFFF185B2C67000F5B6C /* SettingsViewController.m in Sources */ = {isa = PBXBuildFile; fileRef = 7A3EFFFE185B2C67000F5B6C /* SettingsViewController.m */; };
/* End PBXBuildFile section */

/* Begin PBXContainerItemProxy section */
		21371FAB1850956700BB2A4F /* PBXContainerItemProxy */ = {
			isa = PBXContainerItemProxy;
			containerPortal = 21371F7D1850956700BB2A4F /* Project object */;
			proxyType = 1;
			remoteGlobalIDString = 21371F841850956700BB2A4F;
			remoteInfo = Muse;
		};
/* End PBXContainerItemProxy section */

/* Begin PBXFileReference section */
		2104C6DA18597D4D008ED8BE /* 58.png */ = {isa = PBXFileReference; lastKnownFileType = image.png; name = 58.png; path = Muse/58.png; sourceTree = "<group>"; };
		2104C6DB18597D4D008ED8BE /* 80.png */ = {isa = PBXFileReference; lastKnownFileType = image.png; name = 80.png; path = Muse/80.png; sourceTree = "<group>"; };
		2104C6DC18597D4D008ED8BE /* 120.png */ = {isa = PBXFileReference; lastKnownFileType = image.png; name = 120.png; path = Muse/120.png; sourceTree = "<group>"; };
		21371F851850956700BB2A4F /* Muse.app */ = {isa = PBXFileReference; explicitFileType = wrapper.application; includeInIndex = 0; path = Muse.app; sourceTree = BUILT_PRODUCTS_DIR; };
		21371F881850956700BB2A4F /* Foundation.framework */ = {isa = PBXFileReference; lastKnownFileType = wrapper.framework; name = Foundation.framework; path = System/Library/Frameworks/Foundation.framework; sourceTree = SDKROOT; };
		21371F8A1850956700BB2A4F /* CoreGraphics.framework */ = {isa = PBXFileReference; lastKnownFileType = wrapper.framework; name = CoreGraphics.framework; path = System/Library/Frameworks/CoreGraphics.framework; sourceTree = SDKROOT; };
		21371F8C1850956700BB2A4F /* UIKit.framework */ = {isa = PBXFileReference; lastKnownFileType = wrapper.framework; name = UIKit.framework; path = System/Library/Frameworks/UIKit.framework; sourceTree = SDKROOT; };
		21371F901850956700BB2A4F /* Muse-Info.plist */ = {isa = PBXFileReference; lastKnownFileType = text.plist.xml; path = "Muse-Info.plist"; sourceTree = "<group>"; };
		21371F921850956700BB2A4F /* en */ = {isa = PBXFileReference; lastKnownFileType = text.plist.strings; name = en; path = en.lproj/InfoPlist.strings; sourceTree = "<group>"; };
		21371F941850956700BB2A4F /* main.m */ = {isa = PBXFileReference; lastKnownFileType = sourcecode.c.objc; path = main.m; sourceTree = "<group>"; };
		21371F961850956700BB2A4F /* Muse-Prefix.pch */ = {isa = PBXFileReference; lastKnownFileType = sourcecode.c.h; path = "Muse-Prefix.pch"; sourceTree = "<group>"; };
		21371F971850956700BB2A4F /* AppDelegate.h */ = {isa = PBXFileReference; lastKnownFileType = sourcecode.c.h; path = AppDelegate.h; sourceTree = "<group>"; };
		21371F981850956700BB2A4F /* AppDelegate.m */ = {isa = PBXFileReference; lastKnownFileType = sourcecode.c.objc; path = AppDelegate.m; sourceTree = "<group>"; };
		21371F9B1850956700BB2A4F /* Base */ = {isa = PBXFileReference; lastKnownFileType = file.storyboard; name = Base; path = Base.lproj/Main.storyboard; sourceTree = "<group>"; };
		21371F9D1850956700BB2A4F /* PlayerViewController.h */ = {isa = PBXFileReference; lastKnownFileType = sourcecode.c.h; path = PlayerViewController.h; sourceTree = "<group>"; };
		21371F9E1850956700BB2A4F /* PlayerViewController.m */ = {isa = PBXFileReference; lastKnownFileType = sourcecode.c.objc; path = PlayerViewController.m; sourceTree = "<group>"; };
		21371FA01850956700BB2A4F /* Images.xcassets */ = {isa = PBXFileReference; lastKnownFileType = folder.assetcatalog; path = Images.xcassets; sourceTree = "<group>"; };
		21371FA61850956700BB2A4F /* MuseTests.xctest */ = {isa = PBXFileReference; explicitFileType = wrapper.cfbundle; includeInIndex = 0; path = MuseTests.xctest; sourceTree = BUILT_PRODUCTS_DIR; };
		21371FA71850956700BB2A4F /* XCTest.framework */ = {isa = PBXFileReference; lastKnownFileType = wrapper.framework; name = XCTest.framework; path = Library/Frameworks/XCTest.framework; sourceTree = DEVELOPER_DIR; };
		21371FAF1850956700BB2A4F /* MuseTests-Info.plist */ = {isa = PBXFileReference; lastKnownFileType = text.plist.xml; path = "MuseTests-Info.plist"; sourceTree = "<group>"; };
		21371FB11850956700BB2A4F /* en */ = {isa = PBXFileReference; lastKnownFileType = text.plist.strings; name = en; path = en.lproj/InfoPlist.strings; sourceTree = "<group>"; };
		21371FB31850956700BB2A4F /* MuseTests.m */ = {isa = PBXFileReference; lastKnownFileType = sourcecode.c.objc; path = MuseTests.m; sourceTree = "<group>"; };
		214D6D061860A7DA00BDCF0B /* love_v2.png */ = {isa = PBXFileReference; lastKnownFileType = image.png; name = love_v2.png; path = Muse/love_v2.png; sourceTree = "<group>"; };
		215C3851185ABC09007D3452 /* ServerConnection.h */ = {isa = PBXFileReference; fileEncoding = 4; lastKnownFileType = sourcecode.c.h; path = ServerConnection.h; sourceTree = "<group>"; };
		215C3852185ABC09007D3452 /* ServerConnection.m */ = {isa = PBXFileReference; fileEncoding = 4; lastKnownFileType = sourcecode.c.objc; path = ServerConnection.m; sourceTree = "<group>"; };
		215C3861185DA908007D3452 /* XiamiObject.h */ = {isa = PBXFileReference; fileEncoding = 4; lastKnownFileType = sourcecode.c.h; path = XiamiObject.h; sourceTree = "<group>"; };
		215C3862185DA908007D3452 /* XiamiObject.m */ = {isa = PBXFileReference; fileEncoding = 4; lastKnownFileType = sourcecode.c.objc; path = XiamiObject.m; sourceTree = "<group>"; };
		215C3865185DA927007D3452 /* XiamiConnection.h */ = {isa = PBXFileReference; fileEncoding = 4; lastKnownFileType = sourcecode.c.h; path = XiamiConnection.h; sourceTree = "<group>"; };
		215C3866185DA927007D3452 /* XiamiConnection.m */ = {isa = PBXFileReference; fileEncoding = 4; lastKnownFileType = sourcecode.c.objc; path = XiamiConnection.m; sourceTree = "<group>"; };
		215C3868185DEFEF007D3452 /* LoadPic.png */ = {isa = PBXFileReference; lastKnownFileType = image.png; path = LoadPic.png; sourceTree = "<group>"; };
		215C386A185DFC0E007D3452 /* pause_icon_v2.png */ = {isa = PBXFileReference; lastKnownFileType = image.png; name = pause_icon_v2.png; path = Muse/pause_icon_v2.png; sourceTree = "<group>"; };
		215C386C185DFE0D007D3452 /* pause_icon_v3.png */ = {isa = PBXFileReference; lastKnownFileType = image.png; name = pause_icon_v3.png; path = Muse/pause_icon_v3.png; sourceTree = "<group>"; };
		21660582185F3A3500560812 /* Player.h */ = {isa = PBXFileReference; fileEncoding = 4; lastKnownFileType = sourcecode.c.h; path = Player.h; sourceTree = "<group>"; };
		21660583185F3A3500560812 /* Player.m */ = {isa = PBXFileReference; fileEncoding = 4; lastKnownFileType = sourcecode.c.objc; path = Player.m; sourceTree = "<group>"; };
		21ABB1F718576C9300BBCA8B /* AVFoundation.framework */ = {isa = PBXFileReference; lastKnownFileType = wrapper.framework; name = AVFoundation.framework; path = System/Library/Frameworks/AVFoundation.framework; sourceTree = SDKROOT; };
		21ABB1F918576CB600BBCA8B /* MediaPlayer.framework */ = {isa = PBXFileReference; lastKnownFileType = wrapper.framework; name = MediaPlayer.framework; path = System/Library/Frameworks/MediaPlayer.framework; sourceTree = SDKROOT; };
		21ABB1FB1857736100BBCA8B /* CoreVideo.framework */ = {isa = PBXFileReference; lastKnownFileType = wrapper.framework; name = CoreVideo.framework; path = System/Library/Frameworks/CoreVideo.framework; sourceTree = SDKROOT; };
		21ABB1FD18586AB000BBCA8B /* PictureBorder.png */ = {isa = PBXFileReference; lastKnownFileType = image.png; name = PictureBorder.png; path = Muse/PictureBorder.png; sourceTree = "<group>"; };
		21ABB1FF18586D3300BBCA8B /* PictureMask.png */ = {isa = PBXFileReference; lastKnownFileType = image.png; name = PictureMask.png; path = Muse/PictureMask.png; sourceTree = "<group>"; };
		21ABB20118586DCA00BBCA8B /* Example.jpg */ = {isa = PBXFileReference; lastKnownFileType = image.jpeg; name = Example.jpg; path = Muse/Example.jpg; sourceTree = "<group>"; };
		21ABB204185873CD00BBCA8B /* hate_icon.png */ = {isa = PBXFileReference; lastKnownFileType = image.png; name = hate_icon.png; path = Muse/hate_icon.png; sourceTree = "<group>"; };
		21ABB205185873CD00BBCA8B /* love_icon.png */ = {isa = PBXFileReference; lastKnownFileType = image.png; name = love_icon.png; path = Muse/love_icon.png; sourceTree = "<group>"; };
		21ABB206185873CD00BBCA8B /* settings_icon.png */ = {isa = PBXFileReference; lastKnownFileType = image.png; name = settings_icon.png; path = Muse/settings_icon.png; sourceTree = "<group>"; };
		21ABB20A185875D500BBCA8B /* next_icon.png */ = {isa = PBXFileReference; lastKnownFileType = image.png; name = next_icon.png; path = Muse/next_icon.png; sourceTree = "<group>"; };
		21ABB20C18587E5C00BBCA8B /* last_icon.png */ = {isa = PBXFileReference; lastKnownFileType = image.png; name = last_icon.png; path = Muse/last_icon.png; sourceTree = "<group>"; };
		21ABB20E18587F1A00BBCA8B /* pause_icon.png */ = {isa = PBXFileReference; lastKnownFileType = image.png; name = pause_icon.png; path = Muse/pause_icon.png; sourceTree = "<group>"; };
		21D8B0D8185718950013559A /* MenuButton.png */ = {isa = PBXFileReference; lastKnownFileType = image.png; name = MenuButton.png; path = Muse/MenuButton.png; sourceTree = "<group>"; };
		7A3E0003185B3EAA000F5B6C /* SignInViewController.h */ = {isa = PBXFileReference; fileEncoding = 4; lastKnownFileType = sourcecode.c.h; path = SignInViewController.h; sourceTree = "<group>"; };
		7A3E0004185B3EAA000F5B6C /* SignInViewController.m */ = {isa = PBXFileReference; fileEncoding = 4; lastKnownFileType = sourcecode.c.objc; path = SignInViewController.m; sourceTree = "<group>"; };
		7A3E0009185B5F49000F5B6C /* User.h */ = {isa = PBXFileReference; fileEncoding = 4; lastKnownFileType = sourcecode.c.h; path = User.h; sourceTree = "<group>"; };
		7A3E000A185B5F49000F5B6C /* User.m */ = {isa = PBXFileReference; fileEncoding = 4; lastKnownFileType = sourcecode.c.objc; path = User.m; sourceTree = "<group>"; };
		7A3E000C18613AF2000F5B6C /* AdSupport.framework */ = {isa = PBXFileReference; lastKnownFileType = wrapper.framework; name = AdSupport.framework; path = System/Library/Frameworks/AdSupport.framework; sourceTree = SDKROOT; };
		7A3E000E18613B04000F5B6C /* AudioToolbox.framework */ = {isa = PBXFileReference; lastKnownFileType = wrapper.framework; name = AudioToolbox.framework; path = System/Library/Frameworks/AudioToolbox.framework; sourceTree = SDKROOT; };
		7A3E001018613B19000F5B6C /* QuartzCore.framework */ = {isa = PBXFileReference; lastKnownFileType = wrapper.framework; name = QuartzCore.framework; path = System/Library/Frameworks/QuartzCore.framework; sourceTree = SDKROOT; };
		7A3E001218613B23000F5B6C /* CoreMedia.framework */ = {isa = PBXFileReference; lastKnownFileType = wrapper.framework; name = CoreMedia.framework; path = System/Library/Frameworks/CoreMedia.framework; sourceTree = SDKROOT; };
		7A3E001418613B2C000F5B6C /* libxml2.dylib */ = {isa = PBXFileReference; lastKnownFileType = "compiled.mach-o.dylib"; name = libxml2.dylib; path = usr/lib/libxml2.dylib; sourceTree = SDKROOT; };
		7A3E001618613B37000F5B6C /* libstdc++.dylib */ = {isa = PBXFileReference; lastKnownFileType = "compiled.mach-o.dylib"; name = "libstdc++.dylib"; path = "usr/lib/libstdc++.dylib"; sourceTree = SDKROOT; };
		7A3E001818613B40000F5B6C /* libsqlite3.dylib */ = {isa = PBXFileReference; lastKnownFileType = "compiled.mach-o.dylib"; name = libsqlite3.dylib; path = usr/lib/libsqlite3.dylib; sourceTree = SDKROOT; };
		7A3E001A18613B95000F5B6C /* GracenoteMusicID.framework */ = {isa = PBXFileReference; lastKnownFileType = wrapper.framework; name = GracenoteMusicID.framework; path = ../../../Downloads/GN_Music_SDK_iOS_3_3_0_14/GracenoteMusicID.framework; sourceTree = "<group>"; };
		7A3E001D18613C58000F5B6C /* FPResponse.h */ = {isa = PBXFileReference; fileEncoding = 4; lastKnownFileType = sourcecode.c.h; path = FPResponse.h; sourceTree = "<group>"; };
		7A3E001E18613C58000F5B6C /* FPResponse.m */ = {isa = PBXFileReference; fileEncoding = 4; lastKnownFileType = sourcecode.c.objc; path = FPResponse.m; sourceTree = "<group>"; };
		7A3E002018613DFB000F5B6C /* border.png */ = {isa = PBXFileReference; lastKnownFileType = image.png; path = border.png; sourceTree = "<group>"; };
		7A3E00221861444D000F5B6C /* circle.png */ = {isa = PBXFileReference; lastKnownFileType = image.png; path = circle.png; sourceTree = "<group>"; };
		7A3E002418615DE5000F5B6C /* playButton.png */ = {isa = PBXFileReference; lastKnownFileType = image.png; path = playButton.png; sourceTree = "<group>"; };
		7A3E002618618A51000F5B6C /* Music.h */ = {isa = PBXFileReference; fileEncoding = 4; lastKnownFileType = sourcecode.c.h; path = Music.h; sourceTree = "<group>"; };
		7A3E002718618A51000F5B6C /* Music.m */ = {isa = PBXFileReference; fileEncoding = 4; lastKnownFileType = sourcecode.c.objc; path = Music.m; sourceTree = "<group>"; };
		7A3EFFFA185B0C57000F5B6C /* SWRevealViewController.h */ = {isa = PBXFileReference; fileEncoding = 4; lastKnownFileType = sourcecode.c.h; path = SWRevealViewController.h; sourceTree = "<group>"; };
		7A3EFFFB185B0C57000F5B6C /* SWRevealViewController.m */ = {isa = PBXFileReference; fileEncoding = 4; lastKnownFileType = sourcecode.c.objc; path = SWRevealViewController.m; sourceTree = "<group>"; };
		7A3EFFFD185B2C67000F5B6C /* SettingsViewController.h */ = {isa = PBXFileReference; fileEncoding = 4; lastKnownFileType = sourcecode.c.h; path = SettingsViewController.h; sourceTree = "<group>"; };
		7A3EFFFE185B2C67000F5B6C /* SettingsViewController.m */ = {isa = PBXFileReference; fileEncoding = 4; lastKnownFileType = sourcecode.c.objc; path = SettingsViewController.m; sourceTree = "<group>"; };
/* End PBXFileReference section */

/* Begin PBXFrameworksBuildPhase section */
		21371F821850956700BB2A4F /* Frameworks */ = {
			isa = PBXFrameworksBuildPhase;
			buildActionMask = 2147483647;
			files = (
				7A3E001B18613B95000F5B6C /* GracenoteMusicID.framework in Frameworks */,
				7A3E001918613B40000F5B6C /* libsqlite3.dylib in Frameworks */,
				7A3E001718613B37000F5B6C /* libstdc++.dylib in Frameworks */,
				7A3E001518613B2C000F5B6C /* libxml2.dylib in Frameworks */,
				7A3E001318613B23000F5B6C /* CoreMedia.framework in Frameworks */,
				7A3E001118613B19000F5B6C /* QuartzCore.framework in Frameworks */,
				21ABB1FA18576CB600BBCA8B /* MediaPlayer.framework in Frameworks */,
				7A3E000F18613B04000F5B6C /* AudioToolbox.framework in Frameworks */,
				7A3E000D18613AF2000F5B6C /* AdSupport.framework in Frameworks */,
				21ABB1FC1857736100BBCA8B /* CoreVideo.framework in Frameworks */,
				21ABB1F818576C9300BBCA8B /* AVFoundation.framework in Frameworks */,
				21371F8B1850956700BB2A4F /* CoreGraphics.framework in Frameworks */,
				21371F8D1850956700BB2A4F /* UIKit.framework in Frameworks */,
				21371F891850956700BB2A4F /* Foundation.framework in Frameworks */,
			);
			runOnlyForDeploymentPostprocessing = 0;
		};
		21371FA31850956700BB2A4F /* Frameworks */ = {
			isa = PBXFrameworksBuildPhase;
			buildActionMask = 2147483647;
			files = (
				21371FA81850956700BB2A4F /* XCTest.framework in Frameworks */,
				21371FAA1850956700BB2A4F /* UIKit.framework in Frameworks */,
				21371FA91850956700BB2A4F /* Foundation.framework in Frameworks */,
			);
			runOnlyForDeploymentPostprocessing = 0;
		};
/* End PBXFrameworksBuildPhase section */

/* Begin PBXGroup section */
		2104C6E01859C9D2008ED8BE /* Image */ = {
			isa = PBXGroup;
			children = (
				7A3E002418615DE5000F5B6C /* playButton.png */,
				7A3E00221861444D000F5B6C /* circle.png */,
				7A3E002018613DFB000F5B6C /* border.png */,
				215C3868185DEFEF007D3452 /* LoadPic.png */,
				21ABB20118586DCA00BBCA8B /* Example.jpg */,
				21ABB1FF18586D3300BBCA8B /* PictureMask.png */,
				21ABB1FD18586AB000BBCA8B /* PictureBorder.png */,
				21D8B0D8185718950013559A /* MenuButton.png */,
			);
			name = Image;
			sourceTree = "<group>";
		};
		21371F7C1850956700BB2A4F = {
			isa = PBXGroup;
			children = (
				21D8B0D71857187D0013559A /* Resource */,
				21371F8E1850956700BB2A4F /* Muse */,
				21371FAD1850956700BB2A4F /* MuseTests */,
				21371F871850956700BB2A4F /* Frameworks */,
				21371F861850956700BB2A4F /* Products */,
			);
			sourceTree = "<group>";
		};
		21371F861850956700BB2A4F /* Products */ = {
			isa = PBXGroup;
			children = (
				21371F851850956700BB2A4F /* Muse.app */,
				21371FA61850956700BB2A4F /* MuseTests.xctest */,
			);
			name = Products;
			sourceTree = "<group>";
		};
		21371F871850956700BB2A4F /* Frameworks */ = {
			isa = PBXGroup;
			children = (
				7A3E001A18613B95000F5B6C /* GracenoteMusicID.framework */,
				7A3E001818613B40000F5B6C /* libsqlite3.dylib */,
				7A3E001618613B37000F5B6C /* libstdc++.dylib */,
				7A3E001418613B2C000F5B6C /* libxml2.dylib */,
				7A3E001218613B23000F5B6C /* CoreMedia.framework */,
				7A3E001018613B19000F5B6C /* QuartzCore.framework */,
				7A3E000E18613B04000F5B6C /* AudioToolbox.framework */,
				7A3E000C18613AF2000F5B6C /* AdSupport.framework */,
				21ABB1FB1857736100BBCA8B /* CoreVideo.framework */,
				21ABB1F918576CB600BBCA8B /* MediaPlayer.framework */,
				21ABB1F718576C9300BBCA8B /* AVFoundation.framework */,
				21371F881850956700BB2A4F /* Foundation.framework */,
				21371F8A1850956700BB2A4F /* CoreGraphics.framework */,
				21371F8C1850956700BB2A4F /* UIKit.framework */,
				21371FA71850956700BB2A4F /* XCTest.framework */,
			);
			name = Frameworks;
			sourceTree = "<group>";
		};
		21371F8E1850956700BB2A4F /* Muse */ = {
			isa = PBXGroup;
			children = (
				7A3E001C18613C43000F5B6C /* SoundRecognize */,
				215C3864185DA916007D3452 /* XiamiConnection */,
				215C3860185DA8F0007D3452 /* Model */,
				7A3EFFF9185B0C3C000F5B6C /* Library */,
				215C384D185ABB42007D3452 /* ServerConnection */,
				21371F971850956700BB2A4F /* AppDelegate.h */,
				21371F981850956700BB2A4F /* AppDelegate.m */,
				21371F9A1850956700BB2A4F /* Main.storyboard */,
				21371F9D1850956700BB2A4F /* PlayerViewController.h */,
				21371F9E1850956700BB2A4F /* PlayerViewController.m */,
				21371FA01850956700BB2A4F /* Images.xcassets */,
				21371F8F1850956700BB2A4F /* Supporting Files */,
				7A3EFFFD185B2C67000F5B6C /* SettingsViewController.h */,
				7A3EFFFE185B2C67000F5B6C /* SettingsViewController.m */,
				7A3E0003185B3EAA000F5B6C /* SignInViewController.h */,
				7A3E0004185B3EAA000F5B6C /* SignInViewController.m */,
			);
			path = Muse;
			sourceTree = "<group>";
		};
		21371F8F1850956700BB2A4F /* Supporting Files */ = {
			isa = PBXGroup;
			children = (
				21371F901850956700BB2A4F /* Muse-Info.plist */,
				21371F911850956700BB2A4F /* InfoPlist.strings */,
				21371F941850956700BB2A4F /* main.m */,
				21371F961850956700BB2A4F /* Muse-Prefix.pch */,
			);
			name = "Supporting Files";
			sourceTree = "<group>";
		};
		21371FAD1850956700BB2A4F /* MuseTests */ = {
			isa = PBXGroup;
			children = (
				21371FB31850956700BB2A4F /* MuseTests.m */,
				21371FAE1850956700BB2A4F /* Supporting Files */,
			);
			path = MuseTests;
			sourceTree = "<group>";
		};
		21371FAE1850956700BB2A4F /* Supporting Files */ = {
			isa = PBXGroup;
			children = (
				21371FAF1850956700BB2A4F /* MuseTests-Info.plist */,
				21371FB01850956700BB2A4F /* InfoPlist.strings */,
			);
			name = "Supporting Files";
			sourceTree = "<group>";
		};
		215C384D185ABB42007D3452 /* ServerConnection */ = {
			isa = PBXGroup;
			children = (
				215C3851185ABC09007D3452 /* ServerConnection.h */,
				215C3852185ABC09007D3452 /* ServerConnection.m */,
				7A3E0009185B5F49000F5B6C /* User.h */,
				7A3E000A185B5F49000F5B6C /* User.m */,
				7A3E002618618A51000F5B6C /* Music.h */,
				7A3E002718618A51000F5B6C /* Music.m */,
			);
			name = ServerConnection;
			sourceTree = "<group>";
		};
		215C3860185DA8F0007D3452 /* Model */ = {
			isa = PBXGroup;
			children = (
				21660582185F3A3500560812 /* Player.h */,
				21660583185F3A3500560812 /* Player.m */,
				215C3861185DA908007D3452 /* XiamiObject.h */,
				215C3862185DA908007D3452 /* XiamiObject.m */,
			);
			name = Model;
			sourceTree = "<group>";
		};
		215C3864185DA916007D3452 /* XiamiConnection */ = {
			isa = PBXGroup;
			children = (
				215C3865185DA927007D3452 /* XiamiConnection.h */,
				215C3866185DA927007D3452 /* XiamiConnection.m */,
			);
			name = XiamiConnection;
			sourceTree = "<group>";
		};
		21ABB203185873BF00BBCA8B /* icon */ = {
			isa = PBXGroup;
			children = (
				214D6D061860A7DA00BDCF0B /* love_v2.png */,
				215C386C185DFE0D007D3452 /* pause_icon_v3.png */,
				215C386A185DFC0E007D3452 /* pause_icon_v2.png */,
				2104C6DA18597D4D008ED8BE /* 58.png */,
				2104C6DB18597D4D008ED8BE /* 80.png */,
				2104C6DC18597D4D008ED8BE /* 120.png */,
				21ABB20E18587F1A00BBCA8B /* pause_icon.png */,
				21ABB20C18587E5C00BBCA8B /* last_icon.png */,
				21ABB20A185875D500BBCA8B /* next_icon.png */,
				21ABB204185873CD00BBCA8B /* hate_icon.png */,
				21ABB205185873CD00BBCA8B /* love_icon.png */,
				21ABB206185873CD00BBCA8B /* settings_icon.png */,
			);
			name = icon;
			sourceTree = "<group>";
		};
		21D8B0D71857187D0013559A /* Resource */ = {
			isa = PBXGroup;
			children = (
				2104C6E01859C9D2008ED8BE /* Image */,
				21ABB203185873BF00BBCA8B /* icon */,
			);
			name = Resource;
			sourceTree = "<group>";
		};
		7A3E001C18613C43000F5B6C /* SoundRecognize */ = {
			isa = PBXGroup;
			children = (
				7A3E001D18613C58000F5B6C /* FPResponse.h */,
				7A3E001E18613C58000F5B6C /* FPResponse.m */,
			);
			name = SoundRecognize;
			sourceTree = "<group>";
		};
		7A3EFFF9185B0C3C000F5B6C /* Library */ = {
			isa = PBXGroup;
			children = (
				7A3EFFFA185B0C57000F5B6C /* SWRevealViewController.h */,
				7A3EFFFB185B0C57000F5B6C /* SWRevealViewController.m */,
			);
			name = Library;
			sourceTree = "<group>";
		};
/* End PBXGroup section */

/* Begin PBXNativeTarget section */
		21371F841850956700BB2A4F /* Muse */ = {
			isa = PBXNativeTarget;
			buildConfigurationList = 21371FB71850956700BB2A4F /* Build configuration list for PBXNativeTarget "Muse" */;
			buildPhases = (
				21371F811850956700BB2A4F /* Sources */,
				21371F821850956700BB2A4F /* Frameworks */,
				21371F831850956700BB2A4F /* Resources */,
			);
			buildRules = (
			);
			dependencies = (
			);
			name = Muse;
			productName = Muse;
			productReference = 21371F851850956700BB2A4F /* Muse.app */;
			productType = "com.apple.product-type.application";
		};
		21371FA51850956700BB2A4F /* MuseTests */ = {
			isa = PBXNativeTarget;
			buildConfigurationList = 21371FBA1850956700BB2A4F /* Build configuration list for PBXNativeTarget "MuseTests" */;
			buildPhases = (
				21371FA21850956700BB2A4F /* Sources */,
				21371FA31850956700BB2A4F /* Frameworks */,
				21371FA41850956700BB2A4F /* Resources */,
			);
			buildRules = (
			);
			dependencies = (
				21371FAC1850956700BB2A4F /* PBXTargetDependency */,
			);
			name = MuseTests;
			productName = MuseTests;
			productReference = 21371FA61850956700BB2A4F /* MuseTests.xctest */;
			productType = "com.apple.product-type.bundle.unit-test";
		};
/* End PBXNativeTarget section */

/* Begin PBXProject section */
		21371F7D1850956700BB2A4F /* Project object */ = {
			isa = PBXProject;
			attributes = {
				LastUpgradeCheck = 0500;
				ORGANIZATIONNAME = "zhu peijun";
				TargetAttributes = {
					21371FA51850956700BB2A4F = {
						TestTargetID = 21371F841850956700BB2A4F;
					};
				};
			};
			buildConfigurationList = 21371F801850956700BB2A4F /* Build configuration list for PBXProject "Muse" */;
			compatibilityVersion = "Xcode 3.2";
			developmentRegion = English;
			hasScannedForEncodings = 0;
			knownRegions = (
				en,
				Base,
			);
			mainGroup = 21371F7C1850956700BB2A4F;
			productRefGroup = 21371F861850956700BB2A4F /* Products */;
			projectDirPath = "";
			projectRoot = "";
			targets = (
				21371F841850956700BB2A4F /* Muse */,
				21371FA51850956700BB2A4F /* MuseTests */,
			);
		};
/* End PBXProject section */

/* Begin PBXResourcesBuildPhase section */
		21371F831850956700BB2A4F /* Resources */ = {
			isa = PBXResourcesBuildPhase;
			buildActionMask = 2147483647;
			files = (
				2104C6DE18597D4D008ED8BE /* 80.png in Resources */,
				21371FA11850956700BB2A4F /* Images.xcassets in Resources */,
				7A3E002518615DE5000F5B6C /* playButton.png in Resources */,
				21ABB209185873CD00BBCA8B /* settings_icon.png in Resources */,
				215C386B185DFC0E007D3452 /* pause_icon_v2.png in Resources */,
				21371F931850956700BB2A4F /* InfoPlist.strings in Resources */,
				21ABB207185873CD00BBCA8B /* hate_icon.png in Resources */,
				21ABB20018586D3300BBCA8B /* PictureMask.png in Resources */,
				7A3E002118613DFB000F5B6C /* border.png in Resources */,
				21D8B0D9185718950013559A /* MenuButton.png in Resources */,
				21ABB208185873CD00BBCA8B /* love_icon.png in Resources */,
				215C3869185DEFEF007D3452 /* LoadPic.png in Resources */,
				21ABB20F18587F1A00BBCA8B /* pause_icon.png in Resources */,
				2104C6DD18597D4D008ED8BE /* 58.png in Resources */,
				21ABB20B185875D500BBCA8B /* next_icon.png in Resources */,
				215C386D185DFE0D007D3452 /* pause_icon_v3.png in Resources */,
				7A3E00231861444D000F5B6C /* circle.png in Resources */,
				21ABB20D18587E5C00BBCA8B /* last_icon.png in Resources */,
				214D6D071860A7DA00BDCF0B /* love_v2.png in Resources */,
				21ABB20218586DCA00BBCA8B /* Example.jpg in Resources */,
				2104C6DF18597D4D008ED8BE /* 120.png in Resources */,
				21ABB1FE18586AB000BBCA8B /* PictureBorder.png in Resources */,
				21371F9C1850956700BB2A4F /* Main.storyboard in Resources */,
			);
			runOnlyForDeploymentPostprocessing = 0;
		};
		21371FA41850956700BB2A4F /* Resources */ = {
			isa = PBXResourcesBuildPhase;
			buildActionMask = 2147483647;
			files = (
				21371FB21850956700BB2A4F /* InfoPlist.strings in Resources */,
			);
			runOnlyForDeploymentPostprocessing = 0;
		};
/* End PBXResourcesBuildPhase section */

/* Begin PBXSourcesBuildPhase section */
		21371F811850956700BB2A4F /* Sources */ = {
			isa = PBXSourcesBuildPhase;
			buildActionMask = 2147483647;
			files = (
				215C3867185DA927007D3452 /* XiamiConnection.m in Sources */,
				7A3E002818618A51000F5B6C /* Music.m in Sources */,
				7A3E000B185B5F49000F5B6C /* User.m in Sources */,
				7A3E0005185B3EAA000F5B6C /* SignInViewController.m in Sources */,
				215C3853185ABC09007D3452 /* ServerConnection.m in Sources */,
				7A3E001F18613C58000F5B6C /* FPResponse.m in Sources */,
				21371F9F1850956700BB2A4F /* PlayerViewController.m in Sources */,
				7A3EFFFC185B0C57000F5B6C /* SWRevealViewController.m in Sources */,
				21660584185F3A3500560812 /* Player.m in Sources */,
				7A3EFFFF185B2C67000F5B6C /* SettingsViewController.m in Sources */,
				21371F991850956700BB2A4F /* AppDelegate.m in Sources */,
				21371F951850956700BB2A4F /* main.m in Sources */,
				215C3863185DA908007D3452 /* XiamiObject.m in Sources */,
			);
			runOnlyForDeploymentPostprocessing = 0;
		};
		21371FA21850956700BB2A4F /* Sources */ = {
			isa = PBXSourcesBuildPhase;
			buildActionMask = 2147483647;
			files = (
				21371FB41850956700BB2A4F /* MuseTests.m in Sources */,
			);
			runOnlyForDeploymentPostprocessing = 0;
		};
/* End PBXSourcesBuildPhase section */

/* Begin PBXTargetDependency section */
		21371FAC1850956700BB2A4F /* PBXTargetDependency */ = {
			isa = PBXTargetDependency;
			target = 21371F841850956700BB2A4F /* Muse */;
			targetProxy = 21371FAB1850956700BB2A4F /* PBXContainerItemProxy */;
		};
/* End PBXTargetDependency section */

/* Begin PBXVariantGroup section */
		21371F911850956700BB2A4F /* InfoPlist.strings */ = {
			isa = PBXVariantGroup;
			children = (
				21371F921850956700BB2A4F /* en */,
			);
			name = InfoPlist.strings;
			sourceTree = "<group>";
		};
		21371F9A1850956700BB2A4F /* Main.storyboard */ = {
			isa = PBXVariantGroup;
			children = (
				21371F9B1850956700BB2A4F /* Base */,
			);
			name = Main.storyboard;
			sourceTree = "<group>";
		};
		21371FB01850956700BB2A4F /* InfoPlist.strings */ = {
			isa = PBXVariantGroup;
			children = (
				21371FB11850956700BB2A4F /* en */,
			);
			name = InfoPlist.strings;
			sourceTree = "<group>";
		};
/* End PBXVariantGroup section */

/* Begin XCBuildConfiguration section */
		21371FB51850956700BB2A4F /* Debug */ = {
			isa = XCBuildConfiguration;
			buildSettings = {
				ALWAYS_SEARCH_USER_PATHS = NO;
				ARCHS = "$(ARCHS_STANDARD_INCLUDING_64_BIT)";
				CLANG_CXX_LANGUAGE_STANDARD = "gnu++0x";
				CLANG_CXX_LIBRARY = "libc++";
				CLANG_ENABLE_MODULES = YES;
				CLANG_ENABLE_OBJC_ARC = YES;
				CLANG_WARN_BOOL_CONVERSION = YES;
				CLANG_WARN_CONSTANT_CONVERSION = YES;
				CLANG_WARN_DIRECT_OBJC_ISA_USAGE = YES_ERROR;
				CLANG_WARN_EMPTY_BODY = YES;
				CLANG_WARN_ENUM_CONVERSION = YES;
				CLANG_WARN_INT_CONVERSION = YES;
				CLANG_WARN_OBJC_ROOT_CLASS = YES_ERROR;
				CLANG_WARN__DUPLICATE_METHOD_MATCH = YES;
				"CODE_SIGN_IDENTITY[sdk=iphoneos*]" = "iPhone Developer";
				COPY_PHASE_STRIP = NO;
				GCC_C_LANGUAGE_STANDARD = gnu99;
				GCC_DYNAMIC_NO_PIC = NO;
				GCC_OPTIMIZATION_LEVEL = 0;
				GCC_PREPROCESSOR_DEFINITIONS = (
					"DEBUG=1",
					"$(inherited)",
				);
				GCC_SYMBOLS_PRIVATE_EXTERN = NO;
				GCC_WARN_64_TO_32_BIT_CONVERSION = YES;
				GCC_WARN_ABOUT_RETURN_TYPE = YES_ERROR;
				GCC_WARN_UNDECLARED_SELECTOR = YES;
				GCC_WARN_UNINITIALIZED_AUTOS = YES;
				GCC_WARN_UNUSED_FUNCTION = YES;
				GCC_WARN_UNUSED_VARIABLE = YES;
				IPHONEOS_DEPLOYMENT_TARGET = 7.0;
				ONLY_ACTIVE_ARCH = YES;
				SDKROOT = iphoneos;
			};
			name = Debug;
		};
		21371FB61850956700BB2A4F /* Release */ = {
			isa = XCBuildConfiguration;
			buildSettings = {
				ALWAYS_SEARCH_USER_PATHS = NO;
				ARCHS = "$(ARCHS_STANDARD_INCLUDING_64_BIT)";
				CLANG_CXX_LANGUAGE_STANDARD = "gnu++0x";
				CLANG_CXX_LIBRARY = "libc++";
				CLANG_ENABLE_MODULES = YES;
				CLANG_ENABLE_OBJC_ARC = YES;
				CLANG_WARN_BOOL_CONVERSION = YES;
				CLANG_WARN_CONSTANT_CONVERSION = YES;
				CLANG_WARN_DIRECT_OBJC_ISA_USAGE = YES_ERROR;
				CLANG_WARN_EMPTY_BODY = YES;
				CLANG_WARN_ENUM_CONVERSION = YES;
				CLANG_WARN_INT_CONVERSION = YES;
				CLANG_WARN_OBJC_ROOT_CLASS = YES_ERROR;
				CLANG_WARN__DUPLICATE_METHOD_MATCH = YES;
				"CODE_SIGN_IDENTITY[sdk=iphoneos*]" = "iPhone Developer";
				COPY_PHASE_STRIP = YES;
				ENABLE_NS_ASSERTIONS = NO;
				GCC_C_LANGUAGE_STANDARD = gnu99;
				GCC_WARN_64_TO_32_BIT_CONVERSION = YES;
				GCC_WARN_ABOUT_RETURN_TYPE = YES_ERROR;
				GCC_WARN_UNDECLARED_SELECTOR = YES;
				GCC_WARN_UNINITIALIZED_AUTOS = YES;
				GCC_WARN_UNUSED_FUNCTION = YES;
				GCC_WARN_UNUSED_VARIABLE = YES;
				IPHONEOS_DEPLOYMENT_TARGET = 7.0;
				SDKROOT = iphoneos;
				VALIDATE_PRODUCT = YES;
			};
			name = Release;
		};
		21371FB81850956700BB2A4F /* Debug */ = {
			isa = XCBuildConfiguration;
			buildSettings = {
				ASSETCATALOG_COMPILER_LAUNCHIMAGE_NAME = LaunchImage;
				FRAMEWORK_SEARCH_PATHS = (
					"$(inherited)",
					/Users/yan_runchen/Downloads/GN_Music_SDK_iOS_3_3_0_14,
				);
				GCC_PRECOMPILE_PREFIX_HEADER = YES;
				GCC_PREFIX_HEADER = "Muse/Muse-Prefix.pch";
				INFOPLIST_FILE = "Muse/Muse-Info.plist";
				PRODUCT_NAME = "$(TARGET_NAME)";
				WRAPPER_EXTENSION = app;
			};
			name = Debug;
		};
		21371FB91850956700BB2A4F /* Release */ = {
			isa = XCBuildConfiguration;
			buildSettings = {
				ASSETCATALOG_COMPILER_LAUNCHIMAGE_NAME = LaunchImage;
				FRAMEWORK_SEARCH_PATHS = (
					"$(inherited)",
					/Users/yan_runchen/Downloads/GN_Music_SDK_iOS_3_3_0_14,
				);
				GCC_PRECOMPILE_PREFIX_HEADER = YES;
				GCC_PREFIX_HEADER = "Muse/Muse-Prefix.pch";
				INFOPLIST_FILE = "Muse/Muse-Info.plist";
				PRODUCT_NAME = "$(TARGET_NAME)";
				WRAPPER_EXTENSION = app;
			};
			name = Release;
		};
		21371FBB1850956700BB2A4F /* Debug */ = {
			isa = XCBuildConfiguration;
			buildSettings = {
				ARCHS = "$(ARCHS_STANDARD_INCLUDING_64_BIT)";
				BUNDLE_LOADER = "$(BUILT_PRODUCTS_DIR)/Muse.app/Muse";
				FRAMEWORK_SEARCH_PATHS = (
					"$(SDKROOT)/Developer/Library/Frameworks",
					"$(inherited)",
					"$(DEVELOPER_FRAMEWORKS_DIR)",
				);
				GCC_PRECOMPILE_PREFIX_HEADER = YES;
				GCC_PREFIX_HEADER = "Muse/Muse-Prefix.pch";
				GCC_PREPROCESSOR_DEFINITIONS = (
					"DEBUG=1",
					"$(inherited)",
				);
				INFOPLIST_FILE = "MuseTests/MuseTests-Info.plist";
				PRODUCT_NAME = "$(TARGET_NAME)";
				TEST_HOST = "$(BUNDLE_LOADER)";
				WRAPPER_EXTENSION = xctest;
			};
			name = Debug;
		};
		21371FBC1850956700BB2A4F /* Release */ = {
			isa = XCBuildConfiguration;
			buildSettings = {
				ARCHS = "$(ARCHS_STANDARD_INCLUDING_64_BIT)";
				BUNDLE_LOADER = "$(BUILT_PRODUCTS_DIR)/Muse.app/Muse";
				FRAMEWORK_SEARCH_PATHS = (
					"$(SDKROOT)/Developer/Library/Frameworks",
					"$(inherited)",
					"$(DEVELOPER_FRAMEWORKS_DIR)",
				);
				GCC_PRECOMPILE_PREFIX_HEADER = YES;
				GCC_PREFIX_HEADER = "Muse/Muse-Prefix.pch";
				INFOPLIST_FILE = "MuseTests/MuseTests-Info.plist";
				PRODUCT_NAME = "$(TARGET_NAME)";
				TEST_HOST = "$(BUNDLE_LOADER)";
				WRAPPER_EXTENSION = xctest;
			};
			name = Release;
		};
/* End XCBuildConfiguration section */

/* Begin XCConfigurationList section */
		21371F801850956700BB2A4F /* Build configuration list for PBXProject "Muse" */ = {
			isa = XCConfigurationList;
			buildConfigurations = (
				21371FB51850956700BB2A4F /* Debug */,
				21371FB61850956700BB2A4F /* Release */,
			);
			defaultConfigurationIsVisible = 0;
			defaultConfigurationName = Release;
		};
		21371FB71850956700BB2A4F /* Build configuration list for PBXNativeTarget "Muse" */ = {
			isa = XCConfigurationList;
			buildConfigurations = (
				21371FB81850956700BB2A4F /* Debug */,
				21371FB91850956700BB2A4F /* Release */,
			);
			defaultConfigurationIsVisible = 0;
			defaultConfigurationName = Release;
		};
		21371FBA1850956700BB2A4F /* Build configuration list for PBXNativeTarget "MuseTests" */ = {
			isa = XCConfigurationList;
			buildConfigurations = (
				21371FBB1850956700BB2A4F /* Debug */,
				21371FBC1850956700BB2A4F /* Release */,
			);
			defaultConfigurationIsVisible = 0;
			defaultConfigurationName = Release;
		};
/* End XCConfigurationList section */
	};
	rootObject = 21371F7D1850956700BB2A4F /* Project object */;
}
